
Microsoft Visual Studio Solution File, Format Version 12.00
# Visual Studio Version 16
VisualStudioVersion = 16.0.29709.97
MinimumVisualStudioVersion = 10.0.40219.1
Project("{FAE04EC0-301F-11D3-BF4B-00C04F79EFBC}") = "WhileLoop2", "WhileLoop2\WhileLoop2.csproj", "{2F5423EC-7C2D-404A-B777-689407A299EB}"
EndProject
Global
	GlobalSection(SolutionConfigurationPlatforms) = preSolution
		Debug|Any CPU = Debug|Any CPU
		Release|Any CPU = Release|Any CPU
	EndGlobalSection
	GlobalSection(ProjectConfigurationPlatforms) = postSolution
		{2F5423EC-7C2D-404A-B777-689407A299EB}.Debug|Any CPU.ActiveCfg = Debug|Any CPU
		{2F5423EC-7C2D-404A-B777-689407A299EB}.Debug|Any CPU.Build.0 = Debug|Any CPU
		{2F5423EC-7C2D-404A-B777-689407A299EB}.Release|Any CPU.ActiveCfg = Release|Any CPU
		{2F5423EC-7C2D-404A-B777-689407A299EB}.Release|Any CPU.Build.0 = Release|Any CPU
	EndGlobalSection
	GlobalSection(SolutionProperties) = preSolution
		HideSolutionNode = FALSE
	EndGlobalSection
	GlobalSection(ExtensibilityGlobals) = postSolution
		SolutionGuid = {42593DD2-1C33-45C4-9E49-BB92DDB72409}
	EndGlobalSection
EndGlobal
