
Microsoft Visual Studio Solution File, Format Version 12.00
# Visual Studio Version 16
VisualStudioVersion = 16.0.29709.97
MinimumVisualStudioVersion = 10.0.40219.1
Project("{FAE04EC0-301F-11D3-BF4B-00C04F79EFBC}") = "Structs", "Structs\Structs.csproj", "{DBC35D1D-380F-4E42-ABA4-3695AC138644}"
EndProject
Global
	GlobalSection(SolutionConfigurationPlatforms) = preSolution
		Debug|Any CPU = Debug|Any CPU
		Release|Any CPU = Release|Any CPU
	EndGlobalSection
	GlobalSection(ProjectConfigurationPlatforms) = postSolution
		{DBC35D1D-380F-4E42-ABA4-3695AC138644}.Debug|Any CPU.ActiveCfg = Debug|Any CPU
		{DBC35D1D-380F-4E42-ABA4-3695AC138644}.Debug|Any CPU.Build.0 = Debug|Any CPU
		{DBC35D1D-380F-4E42-ABA4-3695AC138644}.Release|Any CPU.ActiveCfg = Release|Any CPU
		{DBC35D1D-380F-4E42-ABA4-3695AC138644}.Release|Any CPU.Build.0 = Release|Any CPU
	EndGlobalSection
	GlobalSection(SolutionProperties) = preSolution
		HideSolutionNode = FALSE
	EndGlobalSection
	GlobalSection(ExtensibilityGlobals) = postSolution
		SolutionGuid = {86167C86-DF37-4135-9E0B-2B4915FBE892}
	EndGlobalSection
EndGlobal
