
Microsoft Visual Studio Solution File, Format Version 12.00
# Visual Studio Version 16
VisualStudioVersion = 16.0.29709.97
MinimumVisualStudioVersion = 10.0.40219.1
Project("{FAE04EC0-301F-11D3-BF4B-00C04F79EFBC}") = "ComparisonOperators", "ComparisonOperators\ComparisonOperators.csproj", "{64C331EC-99DB-4669-B6A3-CBFDE2AE8602}"
EndProject
Global
	GlobalSection(SolutionConfigurationPlatforms) = preSolution
		Debug|Any CPU = Debug|Any CPU
		Release|Any CPU = Release|Any CPU
	EndGlobalSection
	GlobalSection(ProjectConfigurationPlatforms) = postSolution
		{64C331EC-99DB-4669-B6A3-CBFDE2AE8602}.Debug|Any CPU.ActiveCfg = Debug|Any CPU
		{64C331EC-99DB-4669-B6A3-CBFDE2AE8602}.Debug|Any CPU.Build.0 = Debug|Any CPU
		{64C331EC-99DB-4669-B6A3-CBFDE2AE8602}.Release|Any CPU.ActiveCfg = Release|Any CPU
		{64C331EC-99DB-4669-B6A3-CBFDE2AE8602}.Release|Any CPU.Build.0 = Release|Any CPU
	EndGlobalSection
	GlobalSection(SolutionProperties) = preSolution
		HideSolutionNode = FALSE
	EndGlobalSection
	GlobalSection(ExtensibilityGlobals) = postSolution
		SolutionGuid = {CFDC61DA-7F5E-405E-B239-66FE4D13AAC5}
	EndGlobalSection
EndGlobal
