
Microsoft Visual Studio Solution File, Format Version 12.00
# Visual Studio Version 16
VisualStudioVersion = 16.0.29709.97
MinimumVisualStudioVersion = 10.0.40219.1
Project("{FAE04EC0-301F-11D3-BF4B-00C04F79EFBC}") = "OperatorOverload2", "OperatorOverload2\OperatorOverload2.csproj", "{AEC40B34-F451-403E-B304-D5BA1EF0E2D1}"
EndProject
Global
	GlobalSection(SolutionConfigurationPlatforms) = preSolution
		Debug|Any CPU = Debug|Any CPU
		Release|Any CPU = Release|Any CPU
	EndGlobalSection
	GlobalSection(ProjectConfigurationPlatforms) = postSolution
		{AEC40B34-F451-403E-B304-D5BA1EF0E2D1}.Debug|Any CPU.ActiveCfg = Debug|Any CPU
		{AEC40B34-F451-403E-B304-D5BA1EF0E2D1}.Debug|Any CPU.Build.0 = Debug|Any CPU
		{AEC40B34-F451-403E-B304-D5BA1EF0E2D1}.Release|Any CPU.ActiveCfg = Release|Any CPU
		{AEC40B34-F451-403E-B304-D5BA1EF0E2D1}.Release|Any CPU.Build.0 = Release|Any CPU
	EndGlobalSection
	GlobalSection(SolutionProperties) = preSolution
		HideSolutionNode = FALSE
	EndGlobalSection
	GlobalSection(ExtensibilityGlobals) = postSolution
		SolutionGuid = {08506F1C-8F17-409B-928F-70D2C88306F1}
	EndGlobalSection
EndGlobal
