
Microsoft Visual Studio Solution File, Format Version 12.00
# Visual Studio Version 16
VisualStudioVersion = 16.0.29709.97
MinimumVisualStudioVersion = 10.0.40219.1
Project("{FAE04EC0-301F-11D3-BF4B-00C04F79EFBC}") = "Branching", "Branching\Branching.csproj", "{B42FF365-030C-44A9-8A57-F70B74227931}"
EndProject
Global
	GlobalSection(SolutionConfigurationPlatforms) = preSolution
		Debug|Any CPU = Debug|Any CPU
		Release|Any CPU = Release|Any CPU
	EndGlobalSection
	GlobalSection(ProjectConfigurationPlatforms) = postSolution
		{B42FF365-030C-44A9-8A57-F70B74227931}.Debug|Any CPU.ActiveCfg = Debug|Any CPU
		{B42FF365-030C-44A9-8A57-F70B74227931}.Debug|Any CPU.Build.0 = Debug|Any CPU
		{B42FF365-030C-44A9-8A57-F70B74227931}.Release|Any CPU.ActiveCfg = Release|Any CPU
		{B42FF365-030C-44A9-8A57-F70B74227931}.Release|Any CPU.Build.0 = Release|Any CPU
	EndGlobalSection
	GlobalSection(SolutionProperties) = preSolution
		HideSolutionNode = FALSE
	EndGlobalSection
	GlobalSection(ExtensibilityGlobals) = postSolution
		SolutionGuid = {E988D894-D3F2-4370-AF80-DA4C5DD4E2B6}
	EndGlobalSection
EndGlobal
