
Microsoft Visual Studio Solution File, Format Version 12.00
# Visual Studio Version 16
VisualStudioVersion = 16.0.29709.97
MinimumVisualStudioVersion = 10.0.40219.1
Project("{FAE04EC0-301F-11D3-BF4B-00C04F79EFBC}") = "AbstractClass", "AbstractClass\AbstractClass.csproj", "{2D28CBCC-BF2F-42EB-B08C-A88EDC4E842C}"
EndProject
Global
	GlobalSection(SolutionConfigurationPlatforms) = preSolution
		Debug|Any CPU = Debug|Any CPU
		Release|Any CPU = Release|Any CPU
	EndGlobalSection
	GlobalSection(ProjectConfigurationPlatforms) = postSolution
		{2D28CBCC-BF2F-42EB-B08C-A88EDC4E842C}.Debug|Any CPU.ActiveCfg = Debug|Any CPU
		{2D28CBCC-BF2F-42EB-B08C-A88EDC4E842C}.Debug|Any CPU.Build.0 = Debug|Any CPU
		{2D28CBCC-BF2F-42EB-B08C-A88EDC4E842C}.Release|Any CPU.ActiveCfg = Release|Any CPU
		{2D28CBCC-BF2F-42EB-B08C-A88EDC4E842C}.Release|Any CPU.Build.0 = Release|Any CPU
	EndGlobalSection
	GlobalSection(SolutionProperties) = preSolution
		HideSolutionNode = FALSE
	EndGlobalSection
	GlobalSection(ExtensibilityGlobals) = postSolution
		SolutionGuid = {972B9A80-D7B1-41BB-9DD6-ACE44A215A86}
	EndGlobalSection
EndGlobal
